
Microsoft Visual Studio Solution File, Format Version 12.00
# Visual Studio Version 17
VisualStudioVersion = 17.6.33723.286
MinimumVisualStudioVersion = 10.0.40219.1
Project("{FAE04EC0-301F-11D3-BF4B-00C04F79EFBC}") = "ChalengeApp", "ChalengeApp\ChalengeApp.csproj", "{3AEA0D5D-FC49-439E-8516-942A9884BC19}"
EndProject
Global
	GlobalSection(SolutionConfigurationPlatforms) = preSolution
		Debug|Any CPU = Debug|Any CPU
		Release|Any CPU = Release|Any CPU
	EndGlobalSection
	GlobalSection(ProjectConfigurationPlatforms) = postSolution
		{3AEA0D5D-FC49-439E-8516-942A9884BC19}.Debug|Any CPU.ActiveCfg = Debug|Any CPU
		{3AEA0D5D-FC49-439E-8516-942A9884BC19}.Debug|Any CPU.Build.0 = Debug|Any CPU
		{3AEA0D5D-FC49-439E-8516-942A9884BC19}.Release|Any CPU.ActiveCfg = Release|Any CPU
		{3AEA0D5D-FC49-439E-8516-942A9884BC19}.Release|Any CPU.Build.0 = Release|Any CPU
	EndGlobalSection
	GlobalSection(SolutionProperties) = preSolution
		HideSolutionNode = FALSE
	EndGlobalSection
	GlobalSection(ExtensibilityGlobals) = postSolution
		SolutionGuid = {D5EB2DB0-7D66-4B2F-8E49-5F42FD77A2C7}
	EndGlobalSection
EndGlobal
